{
  "version": 1,
  "dependencies": {
    ".NETStandard,Version=v2.0": {
      "Microsoft.AspNetCore.Mvc.Core": {
        "type": "Direct",
        "requested": "[2.2.2, )",
        "resolved": "2.2.2",
        "contentHash": "NJ0I39z3LHwZo23FjBDQr7nYVBLrH1CilAjqp18IJIJnWAqDHoaq1RftZWMISUH1iZgwW13q/WU68Yj9Kayg/w==",
        "dependencies": {
          "Microsoft.AspNetCore.Authentication.Core": "2.2.0",
          "Microsoft.AspNetCore.Authorization.Policy": "2.2.0",
          "Microsoft.AspNetCore.Hosting.Abstractions": "2.2.0",
          "Microsoft.AspNetCore.Http": "2.2.0",
          "Microsoft.AspNetCore.Http.Extensions": "2.2.0",
          "Microsoft.AspNetCore.Mvc.Abstractions": "2.2.0",
          "Microsoft.AspNetCore.ResponseCaching.Abstractions": "2.2.0",
          "Microsoft.AspNetCore.Routing": "2.2.0",
          "Microsoft.AspNetCore.Routing.Abstractions": "2.2.0",
          "Microsoft.Extensions.DependencyInjection": "2.2.0",
          "Microsoft.Extensions.DependencyModel": "2.1.0",
          "Microsoft.Extensions.FileProviders.Abstractions": "2.2.0",
          "Microsoft.Extensions.Logging.Abstractions": "2.2.0",
          "System.Diagnostics.DiagnosticSource": "4.5.0",
          "System.Threading.Tasks.Extensions": "4.5.1"
        }
      },
      "Microsoft.Extensions.StackTrace.Sources": {
        "type": "Direct",
        "requested": "[3.0.0-*, )",
        "resolved": "3.0.0-preview-181114-06",
        "contentHash": "XUK8B8VPAVoUaf3JJQqhoy1+/O6NQCb0Gq2CEOat4I0oDAtbjxmwGssziFbaLgyM3dRur0C99SQ1nzv/R64t3g=="
      },
      "Microsoft.Extensions.TypeNameHelper.Sources": {
        "type": "Direct",
        "requested": "[3.0.0-*, )",
        "resolved": "3.0.0-preview4.19125.1",
        "contentHash": "fQi+fYevKzpEMa6y6FD0LN6nPglqSL5r2Go6MyNfdds70mvzmipyRHjJP+RMIOpqu5HKWkBSwuUMoMxtc/onnw=="
      },
      "Microsoft.SourceLink.GitHub": {
        "type": "Direct",
        "requested": "[1.0.0-beta2-18618-05, )",
        "resolved": "1.0.0-beta2-18618-05",
        "contentHash": "7cQMyVdud/ritrYqgc99LecTC0g9rA2QhO1QFi6OBubsA++gMXRiXx/ct1rmycxM9EvHJSNZ9DHbZHu42RLMLQ==",
        "dependencies": {
          "Microsoft.Build.Tasks.Git": "1.0.0-beta2-18618-05",
          "Microsoft.SourceLink.Common": "1.0.0-beta2-18618-05"
        }
      },
      "NETStandard.Library": {
        "type": "Direct",
        "requested": "[2.0.3, )",
        "resolved": "2.0.3",
        "contentHash": "st47PosZSHrjECdjeIzZQbzivYBJFv6P2nv4cj2ypdI204DO+vZ7l5raGMiX4eXMJ53RfOIg+/s4DHVZ54Nu2A==",
        "dependencies": {
          "Microsoft.NETCore.Platforms": "1.1.0"
        }
      },
      "System.Reflection.Metadata": {
        "type": "Direct",
        "requested": "[1.6.0, )",
        "resolved": "1.6.0",
        "contentHash": "I4aWCii7N1bmn43vviRfJQYW6UAco1G/CcjJouvgGdb/sr2BRTSnddhaPMg2oxu9VHFn8T1z3dTLq0pna8zmtA==",
        "dependencies": {
          "System.Collections.Immutable": "1.5.0"
        }
      },
      "Microsoft.AspNetCore.Authentication.Abstractions": {
        "type": "Transitive",
        "resolved": "2.2.0",
        "contentHash": "Z60lbge9Va4A6EUME3YX8RuGEmmzkZA1mExxUjfrqb/3GlmcpZyMDQe2l4/UmEACdKSQekCUIyPV46rUE70rWA==",
        "dependencies": {
          "Microsoft.AspNetCore.Http.Abstractions": "2.2.0",
          "Microsoft.Extensions.Logging.Abstractions": "2.2.0",
          "Microsoft.Extensions.Options": "2.2.0"
        }
      },
      "Microsoft.AspNetCore.Authentication.Core": {
        "type": "Transitive",
        "resolved": "2.2.0",
        "contentHash": "UxOqkyDMaM2X1PJaB5a0fO86SqBYhxZuUser6qZ+H78gLqNa4Faqkl78IcEWV19oVqrCY0EFNOj+2gXWPk2Faw==",
        "dependencies": {
          "Microsoft.AspNetCore.Authentication.Abstractions": "2.2.0",
          "Microsoft.AspNetCore.Http": "2.2.0",
          "Microsoft.AspNetCore.Http.Extensions": "2.2.0"
        }
      },
      "Microsoft.AspNetCore.Authorization": {
        "type": "Transitive",
        "resolved": "2.2.0",
        "contentHash": "suxW8TRGnI8aaRTB0NNHZ0scC7VBk3spNrwNHufiLOlS44PXTpLzK7mDUpte6B3uuWY00e+8FSudQWu92Be8Pg==",
        "dependencies": {
          "Microsoft.Extensions.Logging.Abstractions": "2.2.0",
          "Microsoft.Extensions.Options": "2.2.0"
        }
      },
      "Microsoft.AspNetCore.Authorization.Policy": {
        "type": "Transitive",
        "resolved": "2.2.0",
        "contentHash": "t1pMuggj4d/NqMa/lwyTCKfdtDSShefHQg4K4PpeYMZPXH1Im7VQB2F3HaPSYOubNXv8Vhk//C1dJI5LkJNgEg==",
        "dependencies": {
          "Microsoft.AspNetCore.Authentication.Abstractions": "2.2.0",
          "Microsoft.AspNetCore.Authorization": "2.2.0"
        }
      },
      "Microsoft.AspNetCore.Hosting.Abstractions": {
        "type": "Transitive",
        "resolved": "2.2.0",
        "contentHash": "pVGrKK652a4lFcve2393473ojKfiSbDGpmnKyHT+RIYU+V93fSQafRitkJSh9ldNNIm9kjKZ8WuKRF8IMMi7Vg==",
        "dependencies": {
          "Microsoft.AspNetCore.Hosting.Server.Abstractions": "2.2.0",
          "Microsoft.AspNetCore.Http.Abstractions": "2.2.0",
          "Microsoft.Extensions.Hosting.Abstractions": "2.2.0"
        }
      },
      "Microsoft.AspNetCore.Hosting.Server.Abstractions": {
        "type": "Transitive",
        "resolved": "2.2.0",
        "contentHash": "BeNdIx9jGr/WGa0bqZhkBLQMfevgNr6KItXy9IhZKnGRjkbmOb5wUKGtHHiKRV2JvJlBwCl0+NL1IDLc+40PdA==",
        "dependencies": {
          "Microsoft.AspNetCore.Http.Features": "2.2.0",
          "Microsoft.Extensions.Configuration.Abstractions": "2.2.0"
        }
      },
      "Microsoft.AspNetCore.Http": {
        "type": "Transitive",
        "resolved": "2.2.0",
        "contentHash": "1jsV5N1hykNJN1uIY+DI4C0zrnBzsJ/dNkwCLuGNcxTAkXcQzxGclSqi45KTm/0Og2kOss4BZGDHQboB9D4gGA==",
        "dependencies": {
          "Microsoft.AspNetCore.Http.Abstractions": "2.2.0",
          "Microsoft.AspNetCore.WebUtilities": "2.2.0",
          "Microsoft.Extensions.ObjectPool": "2.2.0",
          "Microsoft.Extensions.Options": "2.2.0",
          "Microsoft.Net.Http.Headers": "2.2.0"
        }
      },
      "Microsoft.AspNetCore.Http.Abstractions": {
        "type": "Transitive",
        "resolved": "2.2.0",
        "contentHash": "0LM0wYbsvYnW11k8qh0DDWEEx/p6QaDqpcLlMyhDOmNW9KgprRh9ghTACfeOCo1hRqdktUMp6qguzOKixIL13w==",
        "dependencies": {
          "Microsoft.AspNetCore.Http.Features": "2.2.0",
          "System.Text.Encodings.Web": "4.5.0"
        }
      },
      "Microsoft.AspNetCore.Http.Extensions": {
        "type": "Transitive",
        "resolved": "2.2.0",
        "contentHash": "lyEExtXdag+/tGhJVJgU6s2LOEUO3Uex4bDjN2RWuOYPe0l4rTDFv8B1WJO3EnnFrcCbbhATEc+3y3ntzSZKqw==",
        "dependencies": {
          "Microsoft.AspNetCore.Http.Abstractions": "2.2.0",
          "Microsoft.Extensions.FileProviders.Abstractions": "2.2.0",
          "Microsoft.Net.Http.Headers": "2.2.0",
          "System.Buffers": "4.5.0"
        }
      },
      "Microsoft.AspNetCore.Http.Features": {
        "type": "Transitive",
        "resolved": "2.2.0",
        "contentHash": "0GNO7G290ULLrFcL7Yig7EYNpWF0ZisATpoPGszArH7wtuDDNt97o3vr4CANPzxAcJuXlhIPKuAhk+GPKm6AHg==",
        "dependencies": {
          "Microsoft.Extensions.Primitives": "2.2.0"
        }
      },
      "Microsoft.AspNetCore.Mvc.Abstractions": {
        "type": "Transitive",
        "resolved": "2.2.0",
        "contentHash": "KvSgkNkWnK4Ikmz1QmFOD32PynAvVibY6piwcRysgWFLuzkjgERVJ6YNOR6/Tegnb79+xG7GzP92bA7RKFl+sw==",
        "dependencies": {
          "Microsoft.AspNetCore.Routing.Abstractions": "2.2.0",
          "Microsoft.Net.Http.Headers": "2.2.0"
        }
      },
      "Microsoft.AspNetCore.ResponseCaching.Abstractions": {
        "type": "Transitive",
        "resolved": "2.2.0",
        "contentHash": "2dnJ/buvvPVxqz2G0wQGTyJRodqRbD2PyUIqFJW2WQd9a6q4pE8SmSUVrkhke3DKiDUheeJc0t7sqTomImCfRg==",
        "dependencies": {
          "Microsoft.Extensions.Primitives": "2.2.0"
        }
      },
      "Microsoft.AspNetCore.Routing": {
        "type": "Transitive",
        "resolved": "2.2.0",
        "contentHash": "blQPe49jTy6pK8VZ6vinCD8upuUs7FdXVbuZa+IjsXOpxdMYBCVFvXUrJBl87kXuaTi0M8fQuERamMF6a/eskA==",
        "dependencies": {
          "Microsoft.AspNetCore.Http.Extensions": "2.2.0",
          "Microsoft.AspNetCore.Routing.Abstractions": "2.2.0",
          "Microsoft.Extensions.Logging.Abstractions": "2.2.0",
          "Microsoft.Extensions.ObjectPool": "2.2.0",
          "Microsoft.Extensions.Options": "2.2.0"
        }
      },
      "Microsoft.AspNetCore.Routing.Abstractions": {
        "type": "Transitive",
        "resolved": "2.2.0",
        "contentHash": "dqnRARq+DBBH0mgYStRhKyapkPnIu1+sTgesv9dFVrsbN3IKlpTuAaRwAC1G9sHo2MVi5J5EMOtscDgmqnjhUg==",
        "dependencies": {
          "Microsoft.AspNetCore.Http.Abstractions": "2.2.0"
        }
      },
      "Microsoft.AspNetCore.WebUtilities": {
        "type": "Transitive",
        "resolved": "2.2.0",
        "contentHash": "oPl52Mxm8MTP3jHw+bQQ6UUOFYiaHDK4gU4cHGjH/yIZDn3vdPH5jV6ONZQJQJAQBqBYKZX28sH8NyYmsFRupw==",
        "dependencies": {
          "Microsoft.Net.Http.Headers": "2.2.0",
          "System.Text.Encodings.Web": "4.5.0"
        }
      },
      "Microsoft.Build.Tasks.Git": {
        "type": "Transitive",
        "resolved": "1.0.0-beta2-18618-05",
        "contentHash": "kcnqXhm6lxU8UFtpVO8enW7L8Gisw05bI46B3cWlW7K1dgGPb4hAyfiGyGczYOU6n4RtHO9CCfh0Lk74qkbF6w=="
      },
      "Microsoft.CSharp": {
        "type": "Transitive",
        "resolved": "4.0.1",
        "contentHash": "wOdakWLyi6TEVyyPrE/UyMl9bTUFo3aDZGul9+X2rA2mnVIA0mRgVN6Q6OCPiToQ5RRZG2m4JzZAhCss+Qvd7A==",
        "dependencies": {
          "System.Collections": "4.0.11",
          "System.Diagnostics.Debug": "4.0.11",
          "System.Dynamic.Runtime": "4.0.11",
          "System.Globalization": "4.0.11",
          "System.Linq": "4.1.0",
          "System.Linq.Expressions": "4.1.0",
          "System.ObjectModel": "4.0.12",
          "System.Reflection": "4.1.0",
          "System.Reflection.Extensions": "4.0.1",
          "System.Reflection.Primitives": "4.0.1",
          "System.Reflection.TypeExtensions": "4.1.0",
          "System.Resources.ResourceManager": "4.0.1",
          "System.Runtime": "4.1.0",
          "System.Runtime.Extensions": "4.1.0",
          "System.Runtime.InteropServices": "4.1.0",
          "System.Threading": "4.0.11"
        }
      },
      "Microsoft.DotNet.PlatformAbstractions": {
        "type": "Transitive",
        "resolved": "2.1.0",
        "contentHash": "ae/c3pX6vhCs17caUrVZrb8n9gDTzr6usnZKZEHla7uy7ZcjQLfm09gS7m+IneVtmGwXm5hcSDa5qwqwLaH2Ug==",
        "dependencies": {
          "System.AppContext": "4.1.0",
          "System.Collections": "4.0.11",
          "System.IO": "4.1.0",
          "System.IO.FileSystem": "4.0.1",
          "System.Reflection.TypeExtensions": "4.1.0",
          "System.Runtime.Extensions": "4.1.0",
          "System.Runtime.InteropServices": "4.1.0",
          "System.Runtime.InteropServices.RuntimeInformation": "4.0.0"
        }
      },
      "Microsoft.Extensions.Configuration.Abstractions": {
        "type": "Transitive",
        "resolved": "2.2.0",
        "contentHash": "HT/cMUOHvJ29Z5VIlWp6Zd1F63k5CbpGisNk8ayP35GwKwX5IDsJL8hWMoBesz5WPK8ZfW4f47kyVAhfCD/PAw==",
        "dependencies": {
          "Microsoft.Extensions.Primitives": "2.2.0"
        }
      },
      "Microsoft.Extensions.DependencyInjection": {
        "type": "Transitive",
        "resolved": "2.2.0",
        "contentHash": "7JzIJyfA1Wr19ibRr67CoG3lFklnTkzhkJ6thWFcNrmZCgLf9oEqrED4Tz08y7F18wTWsWUnI52BCjraBGtPIA==",
        "dependencies": {
          "Microsoft.Extensions.DependencyInjection.Abstractions": "2.2.0"
        }
      },
      "Microsoft.Extensions.DependencyInjection.Abstractions": {
        "type": "Transitive",
        "resolved": "2.2.0",
        "contentHash": "YZcHF0/+XeKv12ZEo+OmrAa6rNayjye0qvEjYSDIhN99StqxnS2gZpwkcCrH/8JuXxzzcDSVpZw5Bruz8xYfXQ=="
      },
      "Microsoft.Extensions.DependencyModel": {
        "type": "Transitive",
        "resolved": "2.1.0",
        "contentHash": "DALND2qA8s/r4jaYMk/3PGa16Qu03iskAzKG62UQKNIN4AueepuuYGydoWScbjxz/TA9AnDAOXRkRuLMYRhzYw==",
        "dependencies": {
          "Microsoft.DotNet.PlatformAbstractions": "2.1.0",
          "Newtonsoft.Json": "9.0.1",
          "System.Diagnostics.Debug": "4.0.11",
          "System.Dynamic.Runtime": "4.0.11",
          "System.Linq": "4.1.0"
        }
      },
      "Microsoft.Extensions.FileProviders.Abstractions": {
        "type": "Transitive",
        "resolved": "2.2.0",
        "contentHash": "zt//yhxTTxUMb70b44ZdUQiV/SLa+3xbVZuz/IzKloOX8rlUoU6itkhVC3gryos9ojAuPYwc2aiqejJLdqRDZA==",
        "dependencies": {
          "Microsoft.Extensions.Primitives": "2.2.0"
        }
      },
      "Microsoft.Extensions.Hosting.Abstractions": {
        "type": "Transitive",
        "resolved": "2.2.0",
        "contentHash": "tqXaCEeEeuDchJ482wwU2bHyu5UUksVrLyLsrvE9kPFYyPz7Hq17Ryq+faQP/zBCpnnqP/wqf3oSR0q60Py3HA==",
        "dependencies": {
          "Microsoft.Extensions.Configuration.Abstractions": "2.2.0",
          "Microsoft.Extensions.DependencyInjection.Abstractions": "2.2.0",
          "Microsoft.Extensions.FileProviders.Abstractions": "2.2.0",
          "Microsoft.Extensions.Logging.Abstractions": "2.2.0"
        }
      },
      "Microsoft.Extensions.Logging.Abstractions": {
        "type": "Transitive",
        "resolved": "2.2.0",
        "contentHash": "9/ERS0/w8MRdWYC9Nv230+2DIYbCv+jr5JwlVyFXrNRerKN9mHShlSfCUjq2S9Wa8ORsztbe5Txz2CuA8pr2bA=="
      },
      "Microsoft.Extensions.ObjectPool": {
        "type": "Transitive",
        "resolved": "2.2.0",
        "contentHash": "82ySQcYum1Y/bOxhD3xbr5HYowt4wO+rn0Gh+qQ7W1VSwq4gEcHS9e0jJ8wW18BL3N3xTKxkfMvEjS5Zm3wTyg=="
      },
      "Microsoft.Extensions.Options": {
        "type": "Transitive",
        "resolved": "2.2.0",
        "contentHash": "onhaA2X0DkQmyybJhbTHO+63NnO90nIPHTC9a+1QLTM1hT934DM80OvgwKubEIQuPyvSHD6X1Q01PSTJRNHo8w==",
        "dependencies": {
          "Microsoft.Extensions.DependencyInjection.Abstractions": "2.2.0",
          "Microsoft.Extensions.Primitives": "2.2.0",
          "System.ComponentModel.Annotations": "4.5.0"
        }
      },
      "Microsoft.Extensions.Primitives": {
        "type": "Transitive",
        "resolved": "2.2.0",
        "contentHash": "Sv8EDHvN2852bE5G1yosKCa7sUw/x0Z/rCaI5LIWHseAXprG1h9oberAh3NRBO7w2zTZq79WPeQDMsPBVSf99w==",
        "dependencies": {
          "System.Memory": "4.5.1",
          "System.Runtime.CompilerServices.Unsafe": "4.5.1"
        }
      },
      "Microsoft.Net.Http.Headers": {
        "type": "Transitive",
        "resolved": "2.2.0",
        "contentHash": "yFn57woR2lfjUfcoqrc+F8hbmsjTLNu+14FIiGGMUTfvQtZE6xJRwFntp4oMJi99KpMHYX5MOS0mmjRSEwGtLw==",
        "dependencies": {
          "Microsoft.Extensions.Primitives": "2.2.0",
          "System.Buffers": "4.5.0"
        }
      },
      "Microsoft.NETCore.Platforms": {
        "type": "Transitive",
        "resolved": "1.1.0",
        "contentHash": "a/iSwnRZb+LHFk49hQOyThh/ZNC3vsbZsF65XwQIb863qF6msmhdQtxGXFL28Ob2NsCz/drEj28BJd/YPpLRBg=="
      },
      "Microsoft.NETCore.Targets": {
        "type": "Transitive",
        "resolved": "1.0.1",
        "contentHash": "btjnX5RaGGUQZv6e4xz2yCV6WXQ0D+TSYkOJA8SVmkefSlFaTROJ5tPTqzTwmjx7wgCaraLop/aXtmVagtO/yQ=="
      },
      "Microsoft.SourceLink.Common": {
        "type": "Transitive",
        "resolved": "1.0.0-beta2-18618-05",
        "contentHash": "eJP4JUDOiiWPBvwN+/0v1otoT8VPFOm6upABUAS6TwFbLfjRiLI2Ko44gyxF0nW+uMQHx186tnTDt+fg7je97Q=="
      },
      "Newtonsoft.Json": {
        "type": "Transitive",
        "resolved": "9.0.1",
        "contentHash": "2okXpTRwUcgQb06put5LwwCjtgoFo74zkPksjcvOpnIjx7TagGW5IoBCAA4luZx1+tfiIhoNqoiI7Y7zwWGyKA==",
        "dependencies": {
          "Microsoft.CSharp": "4.0.1",
          "System.Collections": "4.0.11",
          "System.Diagnostics.Debug": "4.0.11",
          "System.Dynamic.Runtime": "4.0.11",
          "System.Globalization": "4.0.11",
          "System.IO": "4.1.0",
          "System.Linq": "4.1.0",
          "System.Linq.Expressions": "4.1.0",
          "System.ObjectModel": "4.0.12",
          "System.Reflection": "4.1.0",
          "System.Reflection.Extensions": "4.0.1",
          "System.Resources.ResourceManager": "4.0.1",
          "System.Runtime": "4.1.0",
          "System.Runtime.Extensions": "4.1.0",
          "System.Runtime.Serialization.Primitives": "4.1.1",
          "System.Text.Encoding": "4.0.11",
          "System.Text.Encoding.Extensions": "4.0.11",
          "System.Text.RegularExpressions": "4.1.0",
          "System.Threading": "4.0.11",
          "System.Threading.Tasks": "4.0.11",
          "System.Xml.ReaderWriter": "4.0.11",
          "System.Xml.XDocument": "4.0.11"
        }
      },
      "runtime.native.System": {
        "type": "Transitive",
        "resolved": "4.0.0",
        "contentHash": "Vf8+r6QG7D2OM9i+RNDQY1LOdGq//ewTeHFrJ11jThM/wbxW/DEr8Nkh78WejeSsgRAizDSnf8Hxq8mCyTGTKw==",
        "dependencies": {
          "Microsoft.NETCore.Platforms": "1.0.1",
          "Microsoft.NETCore.Targets": "1.0.1"
        }
      },
      "System.AppContext": {
        "type": "Transitive",
        "resolved": "4.1.0",
        "contentHash": "3QjO4jNV7PdKkmQAVp9atA+usVnKRwI3Kx1nMwJ93T0LcQfx7pKAYk0nKz5wn1oP5iqlhZuy6RXOFdhr7rDwow==",
        "dependencies": {
          "System.Runtime": "4.1.0"
        }
      },
      "System.Buffers": {
        "type": "Transitive",
        "resolved": "4.5.0",
        "contentHash": "09yL/QiPEDZI9JLg0R0OcGe/0ycFm69QN16DCvXkqkIorCC1Y2EKwk5KvSlfMmGse+LcKkD3H+Cra7fFkxHXEg=="
      },
      "System.Collections": {
        "type": "Transitive",
        "resolved": "4.0.11",
        "contentHash": "YUJGz6eFKqS0V//mLt25vFGrrCvOnsXjlvFQs+KimpwNxug9x0Pzy4PlFMU3Q2IzqAa9G2L4LsK3+9vCBK7oTg==",
        "dependencies": {
          "Microsoft.NETCore.Platforms": "1.0.1",
          "Microsoft.NETCore.Targets": "1.0.1",
          "System.Runtime": "4.1.0"
        }
      },
      "System.Collections.Immutable": {
        "type": "Transitive",
        "resolved": "1.5.0",
        "contentHash": "erLSnZLBCA8EKIE2bKtXynjWBWSoMlmCFrOOYN+sPKCeYd3oGj9h8hqRPODtsRlPANkOW7L8tEQlEadHbUXC6A=="
      },
      "System.ComponentModel.Annotations": {
        "type": "Transitive",
        "resolved": "4.5.0",
        "contentHash": "IjDa643EO77A4CL9dhxfZ6zzGu+pM8Ar0NYPRMN3TvDiga4uGDzFHOj/ArpyNxxKyO5IFT2LZ0rK3kUog7g3jA=="
      },
      "System.Diagnostics.Debug": {
        "type": "Transitive",
        "resolved": "4.0.11",
        "contentHash": "w5U95fVKHY4G8ASs/K5iK3J5LY+/dLFd4vKejsnI/ZhBsWS9hQakfx3Zr7lRWKg4tAw9r4iktyvsTagWkqYCiw==",
        "dependencies": {
          "Microsoft.NETCore.Platforms": "1.0.1",
          "Microsoft.NETCore.Targets": "1.0.1",
          "System.Runtime": "4.1.0"
        }
      },
      "System.Diagnostics.DiagnosticSource": {
        "type": "Transitive",
        "resolved": "4.5.0",
        "contentHash": "UumL3CJklk5WyEt0eImPmjeuyY1JgJ7Thmg2hAeZGKCv+9iuuAsoc2wcXjypdo3J8VNEmVCH2Bgn/kIw8NI2bA=="
      },
      "System.Diagnostics.Tools": {
        "type": "Transitive",
        "resolved": "4.0.1",
        "contentHash": "xBfJ8pnd4C17dWaC9FM6aShzbJcRNMChUMD42I6772KGGrqaFdumwhn9OdM68erj1ueNo3xdQ1EwiFjK5k8p0g==",
        "dependencies": {
          "Microsoft.NETCore.Platforms": "1.0.1",
          "Microsoft.NETCore.Targets": "1.0.1",
          "System.Runtime": "4.1.0"
        }
      },
      "System.Dynamic.Runtime": {
        "type": "Transitive",
        "resolved": "4.0.11",
        "contentHash": "db34f6LHYM0U0JpE+sOmjar27BnqTVkbLJhgfwMpTdgTigG/Hna3m2MYVwnFzGGKnEJk2UXFuoVTr8WUbU91/A==",
        "dependencies": {
          "System.Collections": "4.0.11",
          "System.Diagnostics.Debug": "4.0.11",
          "System.Globalization": "4.0.11",
          "System.Linq": "4.1.0",
          "System.Linq.Expressions": "4.1.0",
          "System.ObjectModel": "4.0.12",
          "System.Reflection": "4.1.0",
          "System.Reflection.Emit": "4.0.1",
          "System.Reflection.Emit.ILGeneration": "4.0.1",
          "System.Reflection.Primitives": "4.0.1",
          "System.Reflection.TypeExtensions": "4.1.0",
          "System.Resources.ResourceManager": "4.0.1",
          "System.Runtime": "4.1.0",
          "System.Runtime.Extensions": "4.1.0",
          "System.Threading": "4.0.11"
        }
      },
      "System.Globalization": {
        "type": "Transitive",
        "resolved": "4.0.11",
        "contentHash": "B95h0YLEL2oSnwF/XjqSWKnwKOy/01VWkNlsCeMTFJLLabflpGV26nK164eRs5GiaRSBGpOxQ3pKoSnnyZN5pg==",
        "dependencies": {
          "Microsoft.NETCore.Platforms": "1.0.1",
          "Microsoft.NETCore.Targets": "1.0.1",
          "System.Runtime": "4.1.0"
        }
      },
      "System.IO": {
        "type": "Transitive",
        "resolved": "4.1.0",
        "contentHash": "3KlTJceQc3gnGIaHZ7UBZO26SHL1SHE4ddrmiwumFnId+CEHP+O8r386tZKaE6zlk5/mF8vifMBzHj9SaXN+mQ==",
        "dependencies": {
          "Microsoft.NETCore.Platforms": "1.0.1",
          "Microsoft.NETCore.Targets": "1.0.1",
          "System.Runtime": "4.1.0",
          "System.Text.Encoding": "4.0.11",
          "System.Threading.Tasks": "4.0.11"
        }
      },
      "System.IO.FileSystem": {
        "type": "Transitive",
        "resolved": "4.0.1",
        "contentHash": "IBErlVq5jOggAD69bg1t0pJcHaDbJbWNUZTPI96fkYWzwYbN6D9wRHMULLDd9dHsl7C2YsxXL31LMfPI1SWt8w==",
        "dependencies": {
          "Microsoft.NETCore.Platforms": "1.0.1",
          "Microsoft.NETCore.Targets": "1.0.1",
          "System.IO": "4.1.0",
          "System.IO.FileSystem.Primitives": "4.0.1",
          "System.Runtime": "4.1.0",
          "System.Runtime.Handles": "4.0.1",
          "System.Text.Encoding": "4.0.11",
          "System.Threading.Tasks": "4.0.11"
        }
      },
      "System.IO.FileSystem.Primitives": {
        "type": "Transitive",
        "resolved": "4.0.1",
        "contentHash": "kWkKD203JJKxJeE74p8aF8y4Qc9r9WQx4C0cHzHPrY3fv/L/IhWnyCHaFJ3H1QPOH6A93whlQ2vG5nHlBDvzWQ==",
        "dependencies": {
          "System.Runtime": "4.1.0"
        }
      },
      "System.Linq": {
        "type": "Transitive",
        "resolved": "4.1.0",
        "contentHash": "bQ0iYFOQI0nuTnt+NQADns6ucV4DUvMdwN6CbkB1yj8i7arTGiTN5eok1kQwdnnNWSDZfIUySQY+J3d5KjWn0g==",
        "dependencies": {
          "System.Collections": "4.0.11",
          "System.Diagnostics.Debug": "4.0.11",
          "System.Resources.ResourceManager": "4.0.1",
          "System.Runtime": "4.1.0",
          "System.Runtime.Extensions": "4.1.0"
        }
      },
      "System.Linq.Expressions": {
        "type": "Transitive",
        "resolved": "4.1.0",
        "contentHash": "I+y02iqkgmCAyfbqOmSDOgqdZQ5tTj80Akm5BPSS8EeB0VGWdy6X1KCoYe8Pk6pwDoAKZUOdLVxnTJcExiv5zw==",
        "dependencies": {
          "System.Collections": "4.0.11",
          "System.Diagnostics.Debug": "4.0.11",
          "System.Globalization": "4.0.11",
          "System.IO": "4.1.0",
          "System.Linq": "4.1.0",
          "System.ObjectModel": "4.0.12",
          "System.Reflection": "4.1.0",
          "System.Reflection.Emit": "4.0.1",
          "System.Reflection.Emit.ILGeneration": "4.0.1",
          "System.Reflection.Emit.Lightweight": "4.0.1",
          "System.Reflection.Extensions": "4.0.1",
          "System.Reflection.Primitives": "4.0.1",
          "System.Reflection.TypeExtensions": "4.1.0",
          "System.Resources.ResourceManager": "4.0.1",
          "System.Runtime": "4.1.0",
          "System.Runtime.Extensions": "4.1.0",
          "System.Threading": "4.0.11"
        }
      },
      "System.Memory": {
        "type": "Transitive",
        "resolved": "4.5.1",
        "contentHash": "vcG3/MbfpxznMkkkaAblJi7RHOmuP7kawQMhDgLSuA1tRpRQYsFSCTxRSINDUgn2QNn2jWeLxv8er5BXbyACkw==",
        "dependencies": {
          "System.Buffers": "4.4.0",
          "System.Numerics.Vectors": "4.4.0",
          "System.Runtime.CompilerServices.Unsafe": "4.5.0"
        }
      },
      "System.Numerics.Vectors": {
        "type": "Transitive",
        "resolved": "4.4.0",
        "contentHash": "gdRrUJs1RrjW3JB5p82hYjA67xoeFLvh0SdSIWjTiN8qExlbFt/RtXwVYNc5BukJ/f9OKzQQS6gakzbJeHTqHg=="
      },
      "System.ObjectModel": {
        "type": "Transitive",
        "resolved": "4.0.12",
        "contentHash": "tAgJM1xt3ytyMoW4qn4wIqgJYm7L7TShRZG4+Q4Qsi2PCcj96pXN7nRywS9KkB3p/xDUjc2HSwP9SROyPYDYKQ==",
        "dependencies": {
          "System.Collections": "4.0.11",
          "System.Diagnostics.Debug": "4.0.11",
          "System.Resources.ResourceManager": "4.0.1",
          "System.Runtime": "4.1.0",
          "System.Threading": "4.0.11"
        }
      },
      "System.Reflection": {
        "type": "Transitive",
        "resolved": "4.1.0",
        "contentHash": "JCKANJ0TI7kzoQzuwB/OoJANy1Lg338B6+JVacPl4TpUwi3cReg3nMLplMq2uqYfHFQpKIlHAUVAJlImZz/4ng==",
        "dependencies": {
          "Microsoft.NETCore.Platforms": "1.0.1",
          "Microsoft.NETCore.Targets": "1.0.1",
          "System.IO": "4.1.0",
          "System.Reflection.Primitives": "4.0.1",
          "System.Runtime": "4.1.0"
        }
      },
      "System.Reflection.Emit": {
        "type": "Transitive",
        "resolved": "4.0.1",
        "contentHash": "P2wqAj72fFjpP6wb9nSfDqNBMab+2ovzSDzUZK7MVIm54tBJEPr9jWfSjjoTpPwj1LeKcmX3vr0ttyjSSFM47g==",
        "dependencies": {
          "System.IO": "4.1.0",
          "System.Reflection": "4.1.0",
          "System.Reflection.Emit.ILGeneration": "4.0.1",
          "System.Reflection.Primitives": "4.0.1",
          "System.Runtime": "4.1.0"
        }
      },
      "System.Reflection.Emit.ILGeneration": {
        "type": "Transitive",
        "resolved": "4.0.1",
        "contentHash": "Ov6dU8Bu15Bc7zuqttgHF12J5lwSWyTf1S+FJouUXVMSqImLZzYaQ+vRr1rQ0OZ0HqsrwWl4dsKHELckQkVpgA==",
        "dependencies": {
          "System.Reflection": "4.1.0",
          "System.Reflection.Primitives": "4.0.1",
          "System.Runtime": "4.1.0"
        }
      },
      "System.Reflection.Emit.Lightweight": {
        "type": "Transitive",
        "resolved": "4.0.1",
        "contentHash": "sSzHHXueZ5Uh0OLpUQprhr+ZYJrLPA2Cmr4gn0wj9+FftNKXx8RIMKvO9qnjk2ebPYUjZ+F2ulGdPOsvj+MEjA==",
        "dependencies": {
          "System.Reflection": "4.1.0",
          "System.Reflection.Emit.ILGeneration": "4.0.1",
          "System.Reflection.Primitives": "4.0.1",
          "System.Runtime": "4.1.0"
        }
      },
      "System.Reflection.Extensions": {
        "type": "Transitive",
        "resolved": "4.0.1",
        "contentHash": "GYrtRsZcMuHF3sbmRHfMYpvxZoIN2bQGrYGerUiWLEkqdEUQZhH3TRSaC/oI4wO0II1RKBPlpIa1TOMxIcOOzQ==",
        "dependencies": {
          "Microsoft.NETCore.Platforms": "1.0.1",
          "Microsoft.NETCore.Targets": "1.0.1",
          "System.Reflection": "4.1.0",
          "System.Runtime": "4.1.0"
        }
      },
      "System.Reflection.Primitives": {
        "type": "Transitive",
        "resolved": "4.0.1",
        "contentHash": "4inTox4wTBaDhB7V3mPvp9XlCbeGYWVEM9/fXALd52vNEAVisc1BoVWQPuUuD0Ga//dNbA/WeMy9u9mzLxGTHQ==",
        "dependencies": {
          "Microsoft.NETCore.Platforms": "1.0.1",
          "Microsoft.NETCore.Targets": "1.0.1",
          "System.Runtime": "4.1.0"
        }
      },
      "System.Reflection.TypeExtensions": {
        "type": "Transitive",
        "resolved": "4.1.0",
        "contentHash": "tsQ/ptQ3H5FYfON8lL4MxRk/8kFyE0A+tGPXmVP967cT/gzLHYxIejIYSxp4JmIeFHVP78g/F2FE1mUUTbDtrg==",
        "dependencies": {
          "System.Reflection": "4.1.0",
          "System.Runtime": "4.1.0"
        }
      },
      "System.Resources.ResourceManager": {
        "type": "Transitive",
        "resolved": "4.0.1",
        "contentHash": "TxwVeUNoTgUOdQ09gfTjvW411MF+w9MBYL7AtNVc+HtBCFlutPLhUCdZjNkjbhj3bNQWMdHboF0KIWEOjJssbA==",
        "dependencies": {
          "Microsoft.NETCore.Platforms": "1.0.1",
          "Microsoft.NETCore.Targets": "1.0.1",
          "System.Globalization": "4.0.11",
          "System.Reflection": "4.1.0",
          "System.Runtime": "4.1.0"
        }
      },
      "System.Runtime": {
        "type": "Transitive",
        "resolved": "4.1.0",
        "contentHash": "v6c/4Yaa9uWsq+JMhnOFewrYkgdNHNG2eMKuNqRn8P733rNXeRCGvV5FkkjBXn2dbVkPXOsO0xjsEeM1q2zC0g==",
        "dependencies": {
          "Microsoft.NETCore.Platforms": "1.0.1",
          "Microsoft.NETCore.Targets": "1.0.1"
        }
      },
      "System.Runtime.CompilerServices.Unsafe": {
        "type": "Transitive",
        "resolved": "4.5.1",
        "contentHash": "qUJMNWhbm9oZ3XaMFiEMiYmRPszbnXIkRIi7+4b2Md2xZ6JUOepf0/kY3S85qistRohl9OdMe4PsO+RdG2kTIQ=="
      },
      "System.Runtime.Extensions": {
        "type": "Transitive",
        "resolved": "4.1.0",
        "contentHash": "CUOHjTT/vgP0qGW22U4/hDlOqXmcPq5YicBaXdUR2UiUoLwBT+olO6we4DVbq57jeX5uXH2uerVZhf0qGj+sVQ==",
        "dependencies": {
          "Microsoft.NETCore.Platforms": "1.0.1",
          "Microsoft.NETCore.Targets": "1.0.1",
          "System.Runtime": "4.1.0"
        }
      },
      "System.Runtime.Handles": {
        "type": "Transitive",
        "resolved": "4.0.1",
        "contentHash": "nCJvEKguXEvk2ymk1gqj625vVnlK3/xdGzx0vOKicQkoquaTBJTP13AIYkocSUwHCLNBwUbXTqTWGDxBTWpt7g==",
        "dependencies": {
          "Microsoft.NETCore.Platforms": "1.0.1",
          "Microsoft.NETCore.Targets": "1.0.1",
          "System.Runtime": "4.1.0"
        }
      },
      "System.Runtime.InteropServices": {
        "type": "Transitive",
        "resolved": "4.1.0",
        "contentHash": "16eu3kjHS633yYdkjwShDHZLRNMKVi/s0bY8ODiqJ2RfMhDMAwxZaUaWVnZ2P71kr/or+X9o/xFWtNqz8ivieQ==",
        "dependencies": {
          "Microsoft.NETCore.Platforms": "1.0.1",
          "Microsoft.NETCore.Targets": "1.0.1",
          "System.Reflection": "4.1.0",
          "System.Reflection.Primitives": "4.0.1",
          "System.Runtime": "4.1.0",
          "System.Runtime.Handles": "4.0.1"
        }
      },
      "System.Runtime.InteropServices.RuntimeInformation": {
        "type": "Transitive",
        "resolved": "4.0.0",
        "contentHash": "hWPhJxc453RCa8Z29O91EmfGeZIHX1ZH2A8L6lYQVSaKzku2DfArSfMEb1/MYYzPQRJZeu0c9dmYeJKxW5Fgng==",
        "dependencies": {
          "Microsoft.NETCore.Platforms": "1.0.1",
          "System.Reflection": "4.1.0",
          "System.Resources.ResourceManager": "4.0.1",
          "System.Runtime": "4.1.0",
          "System.Runtime.InteropServices": "4.1.0",
          "System.Threading": "4.0.11",
          "runtime.native.System": "4.0.0"
        }
      },
      "System.Runtime.Serialization.Primitives": {
        "type": "Transitive",
        "resolved": "4.1.1",
        "contentHash": "HZ6Du5QrTG8MNJbf4e4qMO3JRAkIboGT5Fk804uZtg3Gq516S7hAqTm2UZKUHa7/6HUGdVy3AqMQKbns06G/cg==",
        "dependencies": {
          "System.Resources.ResourceManager": "4.0.1",
          "System.Runtime": "4.1.0"
        }
      },
      "System.Text.Encoding": {
        "type": "Transitive",
        "resolved": "4.0.11",
        "contentHash": "U3gGeMlDZXxCEiY4DwVLSacg+DFWCvoiX+JThA/rvw37Sqrku7sEFeVBBBMBnfB6FeZHsyDx85HlKL19x0HtZA==",
        "dependencies": {
          "Microsoft.NETCore.Platforms": "1.0.1",
          "Microsoft.NETCore.Targets": "1.0.1",
          "System.Runtime": "4.1.0"
        }
      },
      "System.Text.Encoding.Extensions": {
        "type": "Transitive",
        "resolved": "4.0.11",
        "contentHash": "jtbiTDtvfLYgXn8PTfWI+SiBs51rrmO4AAckx4KR6vFK9Wzf6tI8kcRdsYQNwriUeQ1+CtQbM1W4cMbLXnj/OQ==",
        "dependencies": {
          "Microsoft.NETCore.Platforms": "1.0.1",
          "Microsoft.NETCore.Targets": "1.0.1",
          "System.Runtime": "4.1.0",
          "System.Text.Encoding": "4.0.11"
        }
      },
      "System.Text.Encodings.Web": {
        "type": "Transitive",
        "resolved": "4.5.0",
        "contentHash": "JF+wDdfFiRl3rz3dPMfR6aR568AW2J5CUMmhSflgHDz4zbVK4/00ax8UHnHyEMvblPewgNugjuA4oyoL8Pex2g=="
      },
      "System.Text.RegularExpressions": {
        "type": "Transitive",
        "resolved": "4.1.0",
        "contentHash": "i88YCXpRTjCnoSQZtdlHkAOx4KNNik4hMy83n0+Ftlb7jvV6ZiZWMpnEZHhjBp6hQVh8gWd/iKNPzlPF7iyA2g==",
        "dependencies": {
          "System.Collections": "4.0.11",
          "System.Globalization": "4.0.11",
          "System.Resources.ResourceManager": "4.0.1",
          "System.Runtime": "4.1.0",
          "System.Runtime.Extensions": "4.1.0",
          "System.Threading": "4.0.11"
        }
      },
      "System.Threading": {
        "type": "Transitive",
        "resolved": "4.0.11",
        "contentHash": "N+3xqIcg3VDKyjwwCGaZ9HawG9aC6cSDI+s7ROma310GQo8vilFZa86hqKppwTHleR/G0sfOzhvgnUxWCR/DrQ==",
        "dependencies": {
          "System.Runtime": "4.1.0",
          "System.Threading.Tasks": "4.0.11"
        }
      },
      "System.Threading.Tasks": {
        "type": "Transitive",
        "resolved": "4.0.11",
        "contentHash": "k1S4Gc6IGwtHGT8188RSeGaX86Qw/wnrgNLshJvsdNUOPP9etMmo8S07c+UlOAx4K/xLuN9ivA1bD0LVurtIxQ==",
        "dependencies": {
          "Microsoft.NETCore.Platforms": "1.0.1",
          "Microsoft.NETCore.Targets": "1.0.1",
          "System.Runtime": "4.1.0"
        }
      },
      "System.Threading.Tasks.Extensions": {
        "type": "Transitive",
        "resolved": "4.5.1",
        "contentHash": "rckdhLJtzQ3EI+0BGuq7dUVtCSnerqAoAmL3S6oMRZ4VMZTL3Rq9DS8IDW57c6PYVebA4O0NbSA1BDvyE18UMA==",
        "dependencies": {
          "System.Runtime.CompilerServices.Unsafe": "4.5.0"
        }
      },
      "System.Xml.ReaderWriter": {
        "type": "Transitive",
        "resolved": "4.0.11",
        "contentHash": "ZIiLPsf67YZ9zgr31vzrFaYQqxRPX9cVHjtPSnmx4eN6lbS/yEyYNr2vs1doGDEscF0tjCZFsk9yUg1sC9e8tg==",
        "dependencies": {
          "System.Collections": "4.0.11",
          "System.Diagnostics.Debug": "4.0.11",
          "System.Globalization": "4.0.11",
          "System.IO": "4.1.0",
          "System.IO.FileSystem": "4.0.1",
          "System.IO.FileSystem.Primitives": "4.0.1",
          "System.Resources.ResourceManager": "4.0.1",
          "System.Runtime": "4.1.0",
          "System.Runtime.Extensions": "4.1.0",
          "System.Runtime.InteropServices": "4.1.0",
          "System.Text.Encoding": "4.0.11",
          "System.Text.Encoding.Extensions": "4.0.11",
          "System.Text.RegularExpressions": "4.1.0",
          "System.Threading.Tasks": "4.0.11",
          "System.Threading.Tasks.Extensions": "4.0.0"
        }
      },
      "System.Xml.XDocument": {
        "type": "Transitive",
        "resolved": "4.0.11",
        "contentHash": "Mk2mKmPi0nWaoiYeotq1dgeNK1fqWh61+EK+w4Wu8SWuTYLzpUnschb59bJtGywaPq7SmTuPf44wrXRwbIrukg==",
        "dependencies": {
          "System.Collections": "4.0.11",
          "System.Diagnostics.Debug": "4.0.11",
          "System.Diagnostics.Tools": "4.0.1",
          "System.Globalization": "4.0.11",
          "System.IO": "4.1.0",
          "System.Reflection": "4.1.0",
          "System.Resources.ResourceManager": "4.0.1",
          "System.Runtime": "4.1.0",
          "System.Runtime.Extensions": "4.1.0",
          "System.Text.Encoding": "4.0.11",
          "System.Threading": "4.0.11",
          "System.Xml.ReaderWriter": "4.0.11"
        }
      }
    }
  }
}